
Microsoft Visual Studio Solution File, Format Version 12.00
# Visual Studio Version 17
VisualStudioVersion = 17.0.31919.166
MinimumVisualStudioVersion = 10.0.40219.1
Project("{9A19103F-16F7-4668-BE54-9A1E7A4F7556}") = "FaultMenager_Application", "FaultMenagerApplication\FaultMenager_Application.csproj", "{4F51978D-284B-444C-B38B-5F338FD3782D}"
EndProject
Project("{9A19103F-16F7-4668-BE54-9A1E7A4F7556}") = "FaultMenager_Models", "FaultMenagerBLL\FaultMenager_Models.csproj", "{060DC7B3-68A2-47D0-AE53-BAF92B7327B8}"
EndProject
Project("{FAE04EC0-301F-11D3-BF4B-00C04F79EFBC}") = "FaultMenager_DataAccess", "FaultMenagerDatabase\FaultMenager_DataAccess.csproj", "{EF05889F-6AE4-4D52-BC92-0EC349A4D2EF}"
EndProject
Global
	GlobalSection(SolutionConfigurationPlatforms) = preSolution
		Debug|Any CPU = Debug|Any CPU
		Release|Any CPU = Release|Any CPU
	EndGlobalSection
	GlobalSection(ProjectConfigurationPlatforms) = postSolution
		{4F51978D-284B-444C-B38B-5F338FD3782D}.Debug|Any CPU.ActiveCfg = Debug|Any CPU
		{4F51978D-284B-444C-B38B-5F338FD3782D}.Debug|Any CPU.Build.0 = Debug|Any CPU
		{4F51978D-284B-444C-B38B-5F338FD3782D}.Release|Any CPU.ActiveCfg = Release|Any CPU
		{4F51978D-284B-444C-B38B-5F338FD3782D}.Release|Any CPU.Build.0 = Release|Any CPU
		{060DC7B3-68A2-47D0-AE53-BAF92B7327B8}.Debug|Any CPU.ActiveCfg = Debug|Any CPU
		{060DC7B3-68A2-47D0-AE53-BAF92B7327B8}.Debug|Any CPU.Build.0 = Debug|Any CPU
		{060DC7B3-68A2-47D0-AE53-BAF92B7327B8}.Release|Any CPU.ActiveCfg = Release|Any CPU
		{060DC7B3-68A2-47D0-AE53-BAF92B7327B8}.Release|Any CPU.Build.0 = Release|Any CPU
		{EF05889F-6AE4-4D52-BC92-0EC349A4D2EF}.Debug|Any CPU.ActiveCfg = Debug|Any CPU
		{EF05889F-6AE4-4D52-BC92-0EC349A4D2EF}.Debug|Any CPU.Build.0 = Debug|Any CPU
		{EF05889F-6AE4-4D52-BC92-0EC349A4D2EF}.Release|Any CPU.ActiveCfg = Release|Any CPU
		{EF05889F-6AE4-4D52-BC92-0EC349A4D2EF}.Release|Any CPU.Build.0 = Release|Any CPU
	EndGlobalSection
	GlobalSection(SolutionProperties) = preSolution
		HideSolutionNode = FALSE
	EndGlobalSection
	GlobalSection(ExtensibilityGlobals) = postSolution
		SolutionGuid = {2AC42509-09A1-4383-A03F-69458A514BC9}
	EndGlobalSection
EndGlobal
